
Microsoft Visual Studio Solution File, Format Version 12.00
# Visual Studio 2012
Project("{FAE04EC0-301F-11D3-BF4B-00C04F79EFBC}") = "Cardinal.UmbracoExt.Migrations", "Cardinal.UmbracoExt.Migrations\Cardinal.UmbracoExt.Migrations.csproj", "{2ED3375A-21CB-44F4-A1F2-785B86DE30A2}"
EndProject
Project("{FAE04EC0-301F-11D3-BF4B-00C04F79EFBC}") = "Cardinal.UmbracoExt.Migrations.Tests", "Cardinal.UmbracoExt.Migrations.Tests\Cardinal.UmbracoExt.Migrations.Tests.csproj", "{5B622778-2C51-49D7-BA8E-3F9B7B733E29}"
EndProject
Project("{FAE04EC0-301F-11D3-BF4B-00C04F79EFBC}") = "Cardinal.UmbracoExt.Migrations.Tests.Web", "Cardinal.UmracoExt.Migrations.Tests.Web\Cardinal.UmbracoExt.Migrations.Tests.Web.csproj", "{76A99EE7-23B0-4E31-BA8F-4B27B7529D5D}"
EndProject
Project("{2150E333-8FDC-42A3-9474-1A3956D46DE8}") = ".nuget", ".nuget", "{DC88139E-E781-47E4-88A7-D5EF51234DB8}"
	ProjectSection(SolutionItems) = preProject
		.nuget\NuGet.Config = .nuget\NuGet.Config
		.nuget\NuGet.exe = .nuget\NuGet.exe
		.nuget\NuGet.targets = .nuget\NuGet.targets
		.nuget\packages.config = .nuget\packages.config
	EndProjectSection
EndProject
Project("{2150E333-8FDC-42A3-9474-1A3956D46DE8}") = "Solution Items", "Solution Items", "{B4BE7E30-4583-4263-84F0-A3394B9507C2}"
	ProjectSection(SolutionItems) = preProject
		.gitignore = .gitignore
	EndProjectSection
EndProject
Global
	GlobalSection(SolutionConfigurationPlatforms) = preSolution
		Debug|Any CPU = Debug|Any CPU
		Release|Any CPU = Release|Any CPU
	EndGlobalSection
	GlobalSection(ProjectConfigurationPlatforms) = postSolution
		{2ED3375A-21CB-44F4-A1F2-785B86DE30A2}.Debug|Any CPU.ActiveCfg = Debug|Any CPU
		{2ED3375A-21CB-44F4-A1F2-785B86DE30A2}.Debug|Any CPU.Build.0 = Debug|Any CPU
		{2ED3375A-21CB-44F4-A1F2-785B86DE30A2}.Release|Any CPU.ActiveCfg = Release|Any CPU
		{2ED3375A-21CB-44F4-A1F2-785B86DE30A2}.Release|Any CPU.Build.0 = Release|Any CPU
		{5B622778-2C51-49D7-BA8E-3F9B7B733E29}.Debug|Any CPU.ActiveCfg = Debug|Any CPU
		{5B622778-2C51-49D7-BA8E-3F9B7B733E29}.Debug|Any CPU.Build.0 = Debug|Any CPU
		{5B622778-2C51-49D7-BA8E-3F9B7B733E29}.Release|Any CPU.ActiveCfg = Release|Any CPU
		{5B622778-2C51-49D7-BA8E-3F9B7B733E29}.Release|Any CPU.Build.0 = Release|Any CPU
		{76A99EE7-23B0-4E31-BA8F-4B27B7529D5D}.Debug|Any CPU.ActiveCfg = Debug|Any CPU
		{76A99EE7-23B0-4E31-BA8F-4B27B7529D5D}.Debug|Any CPU.Build.0 = Debug|Any CPU
		{76A99EE7-23B0-4E31-BA8F-4B27B7529D5D}.Release|Any CPU.ActiveCfg = Release|Any CPU
		{76A99EE7-23B0-4E31-BA8F-4B27B7529D5D}.Release|Any CPU.Build.0 = Release|Any CPU
	EndGlobalSection
	GlobalSection(SolutionProperties) = preSolution
		HideSolutionNode = FALSE
	EndGlobalSection
EndGlobal
